
Microsoft Visual Studio Solution File, Format Version 12.00
# Visual Studio Version 16
VisualStudioVersion = 16.0.30611.23
MinimumVisualStudioVersion = 10.0.40219.1
Project("{FAE04EC0-301F-11D3-BF4B-00C04F79EFBC}") = "WPF_DB_ZooManager", "WPF_DB_ZooManager.csproj", "{CE9F2659-7ABE-44E4-A928-1DFDE4D2A553}"
EndProject
Global
	GlobalSection(SolutionConfigurationPlatforms) = preSolution
		Debug|Any CPU = Debug|Any CPU
		Release|Any CPU = Release|Any CPU
	EndGlobalSection
	GlobalSection(ProjectConfigurationPlatforms) = postSolution
		{CE9F2659-7ABE-44E4-A928-1DFDE4D2A553}.Debug|Any CPU.ActiveCfg = Debug|Any CPU
		{CE9F2659-7ABE-44E4-A928-1DFDE4D2A553}.Debug|Any CPU.Build.0 = Debug|Any CPU
		{CE9F2659-7ABE-44E4-A928-1DFDE4D2A553}.Release|Any CPU.ActiveCfg = Release|Any CPU
		{CE9F2659-7ABE-44E4-A928-1DFDE4D2A553}.Release|Any CPU.Build.0 = Release|Any CPU
	EndGlobalSection
	GlobalSection(SolutionProperties) = preSolution
		HideSolutionNode = FALSE
	EndGlobalSection
	GlobalSection(ExtensibilityGlobals) = postSolution
		SolutionGuid = {488A2DD8-2E98-4092-8DEB-5BEE5A4E7970}
	EndGlobalSection
EndGlobal
